lockfileVersion: '9.0'

settings:
  autoInstallPeers: true
  excludeLinksFromLockfile: false

importers:

  .:
    dependencies:
      '@buf/altipla_feature-flags.bufbuild_es':
        specifier: 2.13.0-20260803093603-e948497a0a08.1
        version: 2.13.0-20260803093603-e948497a0a08.1(@bufbuild/protobuf@2.13.0)
      '@bufbuild/protobuf':
        specifier: ^2.13.0
        version: 2.13.0
      '@connectrpc/connect':
        specifier: ^2.1.2
        version: 2.1.2(@bufbuild/protobuf@2.13.0)
      '@connectrpc/connect-node':
        specifier: ^2.1.2
        version: 2.1.2(@bufbuild/protobuf@2.13.0)(@connectrpc/connect@2.1.2(@bufbuild/protobuf@2.13.0))
    devDependencies:
      '@altipla/oxlint-config':
        specifier: ^0.1.6
        version: 0.1.6
      '@types/node':
        specifier: ^26.1.2
        version: 26.2.0
      '@vue/tsconfig':
        specifier: ^0.9.1
        version: 0.9.1(typescript@6.0.3)
      obuild:
        specifier: ^0.4.37
        version: 0.4.38(typescript@6.0.3)
      oxlint:
        specifier: ^1.57.0
        version: 1.78.0(oxlint-tsgolint@0.23.0)
      oxlint-tsgolint:
        specifier: ^0.23.0
        version: 0.23.0
      prettier:
        specifier: ^3.8.1
        version: 3.9.6
      typescript:
        specifier: ^6.0.3
        version: 6.0.3

packages:

  '@altipla/oxlint-config@0.1.6':
    resolution: {integrity: sha512-Uby5seX9e3CVPo01AtvH6CdCm/6yY/IuOlgMvlBYM9KDAsft6jSvidZuD3EWy0OcFd0+u0nLDHNaMdvOkwixpQ==}

  '@buf/altipla_feature-flags.bufbuild_es@2.13.0-20260803093603-e948497a0a08.1':
    resolution: {integrity: sha512-FgnYHzsSFcQ0cAb6AuYKnH3VRec18WvzFtz2oFBhxYDpmr2WsPcSNz+tWmMQhjDbY8QmQtgB+hvQl+8mdtYwSQ==}
    peerDependencies:
      '@bufbuild/protobuf': ^2.13.0

  '@buf/protocolbuffers_wellknowntypes.bufbuild_es@2.13.0-20260520214001-122a3d2fdc81.1':
    resolution: {integrity: sha512-O6xbVpQDqDSZYSk7NNbSfIPMkq6WDASiD7RU3s4B78MMdMnUVEY+KIFSIm9xDFGuYWNcuXwqOTXI7FMjoPMZ4A==}
    peerDependencies:
      '@bufbuild/protobuf': ^2.13.0

  '@bufbuild/protobuf@2.13.0':
    resolution: {integrity: sha512-acq7c49vxfm1ggJ95P70TX7ABDM0vxr1SYD3BB0o0jnBLB4OAqeHyKuN+cD3w80gXEDQ2zxHpR6CUeA+O/aU9g==}

  '@connectrpc/connect-node@2.1.2':
    resolution: {integrity: sha512-+i/aAOpsI8sIx1mbYp6d99zvxaUSF6t/jP9Ux9maAmjsZPgmIQ3JuIeYi0zJIP9zlCnBlJjkpPosshCgdRuThQ==}
    engines: {node: '>=20'}
    peerDependencies:
      '@bufbuild/protobuf': ^2.7.0
      '@connectrpc/connect': 2.1.2

  '@connectrpc/connect@2.1.2':
    resolution: {integrity: sha512-MXkBijtcX09R10Eb6sFeIetc6w6746eio6xtfuyVOH7oQAacT1X0GzMIQFux6Qy8cq3W/T5qX5Bei8YbFtmRGA==}
    peerDependencies:
      '@bufbuild/protobuf': ^2.7.0

  '@jridgewell/sourcemap-codec@1.5.5':
    resolution: {integrity: sha512-cYQ9310grqxueWbl+WuIUIaiUaDcj7WOq5fVhEljNVgRfOUhY9fy2zTvfoqWsnebh8Sl70VScFbICvJnLKB0Og==}

  '@oxc-project/types@0.144.0':
    resolution: {integrity: sha512-nuhZIOLuI6TFQ32I/WnUx+SCPY7SdSKwgnFHydAuoS1+Z4BRcaP+RRJmGzl9lw+0OFF7UmaESf7KQRXaNLHypg==}

  '@oxlint-tsgolint/darwin-arm64@0.23.0':
    resolution: {integrity: sha512-gOs9PVr2wEg4ox9z0aJo+RKhhImW86YL5N6yav8BK/rgPsIrwN/igSZ+pbRr723NFvUNKde9fgMhRA6JrXAOZw==}
    cpu: [arm64]
    os: [darwin]

  '@oxlint-tsgolint/darwin-x64@0.23.0':
    resolution: {integrity: sha512-kjJ8B+7n4tB9VJdxS5A9GdJt6/bYpzbu4lXp2uO1S3sRmCB5gDEABlGoiePNApRWaW+xqL4b4xgiE727jSLhuA==}
    cpu: [x64]
    os: [darwin]

  '@oxlint-tsgolint/linux-arm64@0.23.0':
    resolution: {integrity: sha512-6dCZuKNu135seMXilkRk9SpCx6i1XgmiipYGalLij5WVRX6ZYS8c4xI7preN/zv9fCXhsQclTIMDu2Y/cytTjw==}
    cpu: [arm64]
    os: [linux]

  '@oxlint-tsgolint/linux-x64@0.23.0':
    resolution: {integrity: sha512-3bdilnyA7kmSTjK27rvjIjSxL5SIg3wt7vwNiRkouWB83ytssyKnuGvxSYJxgMEmFpSutzaBzcCUM2jDtPGcgA==}
    cpu: [x64]
    os: [linux]

  '@oxlint-tsgolint/win32-arm64@0.23.0':
    resolution: {integrity: sha512-j+OEp44SVYiQ+ZD+uttsX7u6L9SvmbbQ77SO1pSFCcJlsVMeCk8qZsjhKfGKuT/jIA+ipOJMVs/+pqUfObBWNw==}
    cpu: [arm64]
    os: [win32]

  '@oxlint-tsgolint/win32-x64@0.23.0':
    resolution: {integrity: sha512-5MyjFuqf+g8OUPJBSGWHJtmoWnzFJYyOg4To9WMQshZYEWig/vtu7JtJ03VWnzHv9LJkAUeApY0gVCOywFR/iQ==}
    cpu: [x64]
    os: [win32]

  '@oxlint/binding-android-arm-eabi@1.78.0':
    resolution: {integrity: sha512-Bu819lmAfZMUHErrpe0cEWj3iaefuUODHSU8+UbXy67V/r7/7f4K3FL0NmbD85E+wiFLDYuhP8Zlv0XnVeXshw==}
    engines: {node: ^20.19.0 || >=22.12.0}
    cpu: [arm]
    os: [android]

  '@oxlint/binding-android-arm64@1.78.0':
    resolution: {integrity: sha512-CDfxZgB61B7buRdY2FJoAYYPPXCZ1EoC1LKscnC5dg3kjobdxiconvAvvN1BmHyW4PyFT3jRLDag/BY/roSNBQ==}
    engines: {node: ^20.19.0 || >=22.12.0}
    cpu: [arm64]
    os: [android]

  '@oxlint/binding-darwin-arm64@1.78.0':
    resolution: {integrity: sha512-2Y2U9Ahrz+OO0Ej88f9SJYq51/jUBp1Mc7iZu0ukrbeeZ3gpRGfzIFnoqfHDY96xr0GEfNrPUBFEy0nN5aD7HA==}
    engines: {node: ^20.19.0 || >=22.12.0}
    cpu: [arm64]
    os: [darwin]

  '@oxlint/binding-darwin-x64@1.78.0':
    resolution: {integrity: sha512-rpych6eJq6m9jDRypTEaPD1xysaEW5h9+xuxhGK/QhOg+/xaqPZrCrTNoIl/f3nEjuJeCEmstNDlrE9rJi/3/g==}
    engines: {node: ^20.19.0 || >=22.12.0}
    cpu: [x64]
    os: [darwin]

  '@oxlint/binding-freebsd-x64@1.78.0':
    resolution: {integrity: sha512-IcMGrQT3QizkOESUJd5et+rOhVqSkNDfNik1cvrKDqIbzqx9KMtRswpFgkCuNTSwylCFLKhGUu8KmqY1ZnC0Dg==}
    engines: {node: ^20.19.0 || >=22.12.0}
    cpu: [x64]
    os: [freebsd]

  '@oxlint/binding-linux-arm-gnueabihf@1.78.0':
    resolution: {integrity: sha512-/uLdoJ0IXE6vo/0f0LKjinQAp+re+VMaCWaNT8ENIv2EOCkSsc8SGaflXAuW0Jua2dq5+GLVWm1NQK7P3UFSNQ==}
    engines: {node: ^20.19.0 || >=22.12.0}
    cpu: [arm]
    os: [linux]

  '@oxlint/binding-linux-arm-musleabihf@1.78.0':
    resolution: {integrity: sha512-7xi4Wb/O8NRJhLoUXmDJMUVpNYvB5kefdhFU1Jb8rtae4QoXlTiLwI14X4YvAXVZLNZChP8m5qO9SQAlWQTbkQ==}
    engines: {node: ^20.19.0 || >=22.12.0}
    cpu: [arm]
    os: [linux]

  '@oxlint/binding-linux-arm64-gnu@1.78.0':
    resolution: {integrity: sha512-4hFW0+fVXa3OIh1Y4A5SPkmvI4wuuBSrCVKzOyE7PTjhc7yEqZ1pmvEEeS5Lj/MaqvegFxXyF33N+6jkehxdyg==}
    engines: {node: ^20.19.0 || >=22.12.0}
    cpu: [arm64]
    os: [linux]
    libc: [glibc]

  '@oxlint/binding-linux-arm64-musl@1.78.0':
    resolution: {integrity: sha512-oC0mvsgBJjlMijSDEhx9KuvR9zYeHXceA9MjbuXB1F8NSR78Yj2unOBrstEvTVaq+pko+kuue6DajC00eqvTdg==}
    engines: {node: ^20.19.0 || >=22.12.0}
    cpu: [arm64]
    os: [linux]
    libc: [musl]

  '@oxlint/binding-linux-ppc64-gnu@1.78.0':
    resolution: {integrity: sha512-XAllT5SUZS+ohjuZ3/5S0cwe0r7eboiuigeStCZ5DXRYx/2KVM2UvQXvAfyzXEimtQjAB7cDQ2YxDe2Zl2WNQQ==}
    engines: {node: ^20.19.0 || >=22.12.0}
    cpu: [ppc64]
    os: [linux]
    libc: [glibc]

  '@oxlint/binding-linux-riscv64-gnu@1.78.0':
    resolution: {integrity: sha512-trucMER/0QtecoXvc1y/UVqE3kwJipDwrx4oHfj+nNm3dq2zjP44WT0CfHNDPM3G1DXIkx/gY6lAD21NSCZVhA==}
    engines: {node: ^20.19.0 || >=22.12.0}
    cpu: [riscv64]
    os: [linux]
    libc: [glibc]

  '@oxlint/binding-linux-riscv64-musl@1.78.0':
    resolution: {integrity: sha512-cm3O4F/HQbdzOUX5mKHqG5KDL6E5w0pnlZ+fbBy2rmLryPOowkuLagFHTopQsEIpjcaZoPOrL+BmmAytAG9HFg==}
    engines: {node: ^20.19.0 || >=22.12.0}
    cpu: [riscv64]
    os: [linux]
    libc: [musl]

  '@oxlint/binding-linux-s390x-gnu@1.78.0':
    resolution: {integrity: sha512-33wRf6HqGNsybJ3qX4cGaQN2ODPxNmc1rMa0mrTmx3eFq1VzOnvQooi9bIGVYakW8a/wmqVx1mgsUm8R2xfTiw==}
    engines: {node: ^20.19.0 || >=22.12.0}
    cpu: [s390x]
    os: [linux]
    libc: [glibc]

  '@oxlint/binding-linux-x64-gnu@1.78.0':
    resolution: {integrity: sha512-rRdISSYegj6VganMZ9tjRjijowfHJ09IZU01i0toBAqr6n5LEtwHq2IeS4FjW2RoskOHlb6efB26H5izYb3GEQ==}
    engines: {node: ^20.19.0 || >=22.12.0}
    cpu: [x64]
    os: [linux]
    libc: [glibc]

  '@oxlint/binding-linux-x64-musl@1.78.0':
    resolution: {integrity: sha512-GmsP4rW0xTL6u5CVdcDsaN5Fbc7hBc382Wmar1kttbnwSEviM+rSINKOMQ+UQ6iH+AGwC+8gaAiwu134Tgh6Lg==}
    engines: {node: ^20.19.0 || >=22.12.0}
    cpu: [x64]
    os: [linux]
    libc: [musl]

  '@oxlint/binding-openharmony-arm64@1.78.0':
    resolution: {integrity: sha512-sy9yeYuADc8a+n4TLBayzMCZiHPW78DcIFVpOXTmdKHWQeM9xe5uzkqIIZmi326D5hY9XVwacipEB1p7tQjPAg==}
    engines: {node: ^20.19.0 || >=22.12.0}
    cpu: [arm64]
    os: [openharmony]

  '@oxlint/binding-win32-arm64-msvc@1.78.0':
    resolution: {integrity: sha512-rjc2hF1KfMi8fZj1X/m3AmnHbdsF3rL0v6KQg0Uc880Yb2khjz+3U14sfdZ7jWTpRnN1m1NQa/TT7uU9lJWPrA==}
    engines: {node: ^20.19.0 || >=22.12.0}
    cpu: [arm64]
    os: [win32]

  '@oxlint/binding-win32-ia32-msvc@1.78.0':
    resolution: {integrity: sha512-zcuXFVrEFHIafRfkCQT8w/Xe41o07ozl/vwHq7p94vB29xVzsB0sZGYORU1jhcYKv3Lr0J3HbJ2T4fHH5rWmvA==}
    engines: {node: ^20.19.0 || >=22.12.0}
    cpu: [ia32]
    os: [win32]

  '@oxlint/binding-win32-x64-msvc@1.78.0':
    resolution: {integrity: sha512-Sb5ocmLSuYeOuXd+CFOToGKp/gjXUEWDnvIGwhnh8aq8wY4TMmEnKnvbogSW7RdMZv77JSARduS7/gv+khYEjA==}
    engines: {node: ^20.19.0 || >=22.12.0}
    cpu: [x64]
    os: [win32]

  '@rolldown/binding-android-arm64@1.2.4':
    resolution: {integrity: sha512-jHC2cnyKz5xU2fhECtFl8OZ83cYNt13GZQD+0uMJ/X3o+ijmd56okHhTUwxVSHPx1IRVIJEZ1/1pPzeLCU6XKA==}
    engines: {node: ^20.19.0 || >=22.12.0}
    cpu: [arm64]
    os: [android]

  '@rolldown/binding-darwin-arm64@1.2.4':
    resolution: {integrity: sha512-Dc5mPD8F5F/FS8i01syd7FTF6yB2fVthH/TRkjwJkzUK6EpoxHtqvZQP5Zwq80/5z19TWYHIg1KOHboCgVx/aQ==}
    engines: {node: ^20.19.0 || >=22.12.0}
    cpu: [arm64]
    os: [darwin]

  '@rolldown/binding-darwin-x64@1.2.4':
    resolution: {integrity: sha512-fpDm4oBo6SqLvWUYCmFhdde3U9KH2fRNNMeAnAPAIwxRL345xutL0EtEUcuoxsoazdJGv/MuDBQHlCDrtbvqOg==}
    engines: {node: ^20.19.0 || >=22.12.0}
    cpu: [x64]
    os: [darwin]

  '@rolldown/binding-freebsd-x64@1.2.4':
    resolution: {integrity: sha512-rSJoreDE/HoIzoaib6MTp5jQtCTdMHKIvItAKT/ImS6Y6Ww76oUaeMyp4Vc/fAgd/ehji068IxetHXAnqUwN9A==}
    engines: {node: ^20.19.0 || >=22.12.0}
    cpu: [x64]
    os: [freebsd]

  '@rolldown/binding-linux-arm-gnueabihf@1.2.4':
    resolution: {integrity: sha512-/jm8OGHgn7oGaJu3i/qZI9spUGcJ+y/lk43ttQ/iO1tOd9NissG6o97bighBCiL+BKRngmcDuR6ikfwYdJmVuQ==}
    engines: {node: ^20.19.0 || >=22.12.0}
    cpu: [arm]
    os: [linux]

  '@rolldown/binding-linux-arm64-gnu@1.2.4':
    resolution: {integrity: sha512-tIP06BeD9EqvECBrPZ+sqdPlYrT+aYaAiu1wYziVx5elRK/ftm33JxVDy2bXGbr6J0CrtirCkR87/X5a2euEng==}
    engines: {node: ^20.19.0 || >=22.12.0}
    cpu: [arm64]
    os: [linux]
    libc: [glibc]

  '@rolldown/binding-linux-arm64-musl@1.2.4':
    resolution: {integrity: sha512-Ql1Q0EQqVThvn9VAVlwNzsUvbSFtCMGjLpRRi4pk5i7NZZ4n5ISiLMjHYtus4VQ2PvkSw24zyaCVsiS+sXPj1w==}
    engines: {node: ^20.19.0 || >=22.12.0}
    cpu: [arm64]
    os: [linux]
    libc: [musl]

  '@rolldown/binding-linux-ppc64-gnu@1.2.4':
    resolution: {integrity: sha512-GjbjXD4XXfN19D0LZNbmiCBUoDiRACsYHr0yaIbbn8aFsXjHZifcYqu/W5Er5X2X990WjHXFrxarn5chzItorQ==}
    engines: {node: ^20.19.0 || >=22.12.0}
    cpu: [ppc64]
    os: [linux]
    libc: [glibc]

  '@rolldown/binding-linux-s390x-gnu@1.2.4':
    resolution: {integrity: sha512-p5WR0NOwaRmJ/B1b6IjEFLLivwEsf3PrdBIhRbhTCQisbo2SvHHpG4ELB/+FgQNnB88LTOF86upmJmbvZdQ2lw==}
    engines: {node: ^20.19.0 || >=22.12.0}
    cpu: [s390x]
    os: [linux]
    libc: [glibc]

  '@rolldown/binding-linux-x64-gnu@1.2.4':
    resolution: {integrity: sha512-4/GyVjmhR+Tc6HLJvwc1sOhPqAZtySiSMesOZyX6JQ5XBxoTDEMKQzvo07NIK6nTon/SivlZqvhzvuVBNQhObQ==}
    engines: {node: ^20.19.0 || >=22.12.0}
    cpu: [x64]
    os: [linux]
    libc: [glibc]

  '@rolldown/binding-linux-x64-musl@1.2.4':
    resolution: {integrity: sha512-l9eeLsCNvPpmSXUej0etw/J1eqV0Jj1D5G/xG6YTijmE6dkv6E2QezgWbTfQk63v952DPqrjOCoiqxq7Bw0YUQ==}
    engines: {node: ^20.19.0 || >=22.12.0}
    cpu: [x64]
    os: [linux]
    libc: [musl]

  '@rolldown/binding-openharmony-arm64@1.2.4':
    resolution: {integrity: sha512-e0F355MSTMm3+UOqtV3L24gFUp2N5m1f8L/7d56deik6va+AXdrt9F8LbzGpeWGWRbZEDq4m8NVnJDeBtf9DZg==}
    engines: {node: ^20.19.0 || >=22.12.0}
    cpu: [arm64]
    os: [openharmony]

  '@rolldown/binding-win32-arm64-msvc@1.2.4':
    resolution: {integrity: sha512-AWLi0uBRYh6QlE7OKhiz+phZC0qwtij2QZmhmOdsLdFn64m7oMpooE9ICE3lhm9xMb4SpDo2WbHcxX1iFLFtqw==}
    engines: {node: ^20.19.0 || >=22.12.0}
    cpu: [arm64]
    os: [win32]

  '@rolldown/binding-win32-x64-msvc@1.2.4':
    resolution: {integrity: sha512-UwSDJOg3dqCAejWdxclJjCsh3Qq4vLYMDxmyHqo1btz3stK2VqgwNd3mm5tuIwzSlGIQ/1H9Hr+Zn09mrezNqQ==}
    engines: {node: ^20.19.0 || >=22.12.0}
    cpu: [x64]
    os: [win32]

  '@rolldown/pluginutils@1.0.1':
    resolution: {integrity: sha512-2j9bGt5Jh8hj+vPtgzPtl72j0yRxHAyumoo6TNfAjsLB04UtpSvPbPcDcBMxz7n+9CYB0c1GxQFxYRg2jimqGw==}

  '@types/node@26.2.0':
    resolution: {integrity: sha512-5IviulTZeRNp2vAJ514cc/HUlY5nZ9fCbq9DMyC52BrhFZACo3nI0R7qBxhQmo/d27NFe96ur/b7Wwxklda+kg==}

  '@vue/tsconfig@0.9.1':
    resolution: {integrity: sha512-buvjm+9NzLCJL29KY1j1991YYJ5e6275OiK+G4jtmfIb+z4POywbdm0wXusT9adVWqe0xqg70TbI7+mRx4uU9w==}
    peerDependencies:
      typescript: '>= 5.8'
      vue: ^3.4.0
    peerDependenciesMeta:
      typescript:
        optional: true
      vue:
        optional: true

  '@yuku-codegen/binding-android-arm64@0.8.5':
    resolution: {integrity: sha512-+oEBxK35kdbskhxozjZhI8N6qrMOfphpIkXnqBj6N2DC08rdkg10MUMRNKZLBNU6uNyoYiLcLyCE6aFV2sfMKw==}
    cpu: [arm64]
    os: [android]

  '@yuku-codegen/binding-darwin-arm64@0.8.5':
    resolution: {integrity: sha512-+U2LBCJbQH24dFLAM0kmij/fOVHHWqWTMuaCavRKDE9rBz/a46tNsuYN87p+nFt5V4MECM7t5RSLCNkYzBmE+Q==}
    cpu: [arm64]
    os: [darwin]

  '@yuku-codegen/binding-darwin-x64@0.8.5':
    resolution: {integrity: sha512-STctF8lSW+XhRvPupHktesqV0pk61SEZOwZTuDTZD/nPZsBsOPnD+X1hODioeoXMHn7bTkQKefOn4y6NyBOnoQ==}
    cpu: [x64]
    os: [darwin]

  '@yuku-codegen/binding-freebsd-x64@0.8.5':
    resolution: {integrity: sha512-cQRu/g1LjMnso08GhiFQHrzLdczNiJ1IikpStJRC1RnKHGdZRGAWrfuJx1/j0Nwow0z9PrBf/rb3x85MRGSAQQ==}
    cpu: [x64]
    os: [freebsd]

  '@yuku-codegen/binding-linux-arm-gnu@0.8.5':
    resolution: {integrity: sha512-069wu3iLZzw0vMC3p4SECvA0MVyglOw5jTeKL99yfC1k89qA6PvKJDn3Ty6Z/2D9Ci0lAIjRDdicNqVpNCFyfg==}
    cpu: [arm]
    os: [linux]
    libc: [glibc]

  '@yuku-codegen/binding-linux-arm-musl@0.8.5':
    resolution: {integrity: sha512-g7GhzWR1EmK4BLZfVXJGzhpzNqgF8WhblU/oFZBvR+d747TmBslShqzdJAmaS1gJ1ydmQfyO94Zyias8pLUe5Q==}
    cpu: [arm]
    os: [linux]
    libc: [musl]

  '@yuku-codegen/binding-linux-arm64-gnu@0.8.5':
    resolution: {integrity: sha512-moIvcAsAmgehTqvj3aBo97mAzx+4VGZudXsWvZTRfFs4qgg+iSdzrV8wMWURHslQkFDXKvt1DzMxGNZZxjz5yQ==}
    cpu: [arm64]
    os: [linux]
    libc: [glibc]

  '@yuku-codegen/binding-linux-arm64-musl@0.8.5':
    resolution: {integrity: sha512-w6sQZ5nlSYFPsz9FQ2a9oWxY/1cLi7C73qydLCqxYnB0EuDsrwZrKHw2FF/DXJr6qH7x2x+SmSFoVtaadLkhhg==}
    cpu: [arm64]
    os: [linux]
    libc: [musl]

  '@yuku-codegen/binding-linux-x64-gnu@0.8.5':
    resolution: {integrity: sha512-R3bbB3RYuNu/aQcgCrwNRhKo/5zTLNyx+rklCzTrpESAbnZAwAU8cZqAe0CSXFDGQAPooWZDnmIGsq/L5aDUBQ==}
    cpu: [x64]
    os: [linux]
    libc: [glibc]

  '@yuku-codegen/binding-linux-x64-musl@0.8.5':
    resolution: {integrity: sha512-E3tDaVRj9azS0GTzF2VpwkLLH1iqoadp2U1C2KDbUAtt1F4q5BBYzUv9/yI/4lmYzkrUSBG4e343tUwevm8u1w==}
    cpu: [x64]
    os: [linux]
    libc: [musl]

  '@yuku-codegen/binding-win32-arm64@0.8.5':
    resolution: {integrity: sha512-zqy0Gu6StX8vN+J7i7J6HUjy6p+B+w7a3lLETlbmJLgphQTq3lKEt5zPAsNs/I5TU54xa3GaLobMM7EUqJvxZA==}
    cpu: [arm64]
    os: [win32]

  '@yuku-codegen/binding-win32-x64@0.8.5':
    resolution: {integrity: sha512-2ASUq/tP4sFD6xlB7Nuz/v3ofhPlt122r6RNFjPAnQdxZUqerOCX4rTJkyYqYcnyiSVazyuSVWKOiJItyJGX1w==}
    cpu: [x64]
    os: [win32]

  '@yuku-parser/binding-android-arm64@0.8.5':
    resolution: {integrity: sha512-BJtJvyf/Ma3v57uebPbe7VMUjNwTa3KW0fJn4awBBXyen8aS/i0gUbCDEsjGPY4GvAT41AggcYSep37V5VPENg==}
    cpu: [arm64]
    os: [android]

  '@yuku-parser/binding-darwin-arm64@0.8.5':
    resolution: {integrity: sha512-CEzkjuxNjufVmSRlSm1qYGaoRpbp0g03saC8Tz6BesbmBUuP8MSqJa2BSskMbvYkRhKUN4OFCoPJ0XJf7ARTZQ==}
    cpu: [arm64]
    os: [darwin]

  '@yuku-parser/binding-darwin-x64@0.8.5':
    resolution: {integrity: sha512-HS7wYfYUi3fTYNrzLNnZUia5DVo/Kf5NRmbh2rNVDKzMUEUfXI7xWdh0OOqIqYI3SsA5AcZOCI357uYb0+2B9Q==}
    cpu: [x64]
    os: [darwin]

  '@yuku-parser/binding-freebsd-x64@0.8.5':
    resolution: {integrity: sha512-Iq/XcdT3qjV+mxzb6hE4oSlst/+wrJxSsgKu3FkVkV1bxb0UfITfedws/wI356KVr+BM9CeamNkdbchHV4pJlw==}
    cpu: [x64]
    os: [freebsd]

  '@yuku-parser/binding-linux-arm-gnu@0.8.5':
    resolution: {integrity: sha512-vbI/zeUdJEZ8BKUEfOD8ngtPR5/9XdONpRRosw73kOtA1GyipTF1rj75ozLHIVCEybdCB/GSlQ6OjjhuEAKrGA==}
    cpu: [arm]
    os: [linux]
    libc: [glibc]

  '@yuku-parser/binding-linux-arm-musl@0.8.5':
    resolution: {integrity: sha512-3K4kOkOxWbUKoRja+vn7Srn8Nyc66Fr66oFWO+pFA/0KpVtlIGpKY+/KL8QIQdM7swTh+82OVkuFKeFEweVFLg==}
    cpu: [arm]
    os: [linux]
    libc: [musl]

  '@yuku-parser/binding-linux-arm64-gnu@0.8.5':
    resolution: {integrity: sha512-aj2pI9eT3ZAj8mWrC+utYUJwyxSd6ozthHjJfGtcY3MnZuQ4qbO7wm15BMqDgCSrg7az3tnONy1ftVQTWV9inA==}
    cpu: [arm64]
    os: [linux]
    libc: [glibc]

  '@yuku-parser/binding-linux-arm64-musl@0.8.5':
    resolution: {integrity: sha512-+T2buVRNtY0QwhUeo8t47HmEpgh7tXMx8htMEdT7O0HHv3eFitwvyuVSdYNOpxo52Sc/0wJ6F4UbZni75aD4Pg==}
    cpu: [arm64]
    os: [linux]
    libc: [musl]

  '@yuku-parser/binding-linux-x64-gnu@0.8.5':
    resolution: {integrity: sha512-uIoy1uplNUqjq3GW6z+Ea8UCQkLKRPlM4FvqAhYMDwBazkVpE1mNvMqaQqf57ZP8mGTeOf4OF6CuUlenR2ttqg==}
    cpu: [x64]
    os: [linux]
    libc: [glibc]

  '@yuku-parser/binding-linux-x64-musl@0.8.5':
    resolution: {integrity: sha512-27doVJjvYevPWcakDCpfgZfDAlyhfyY3BwHf5TKtponCrSYBMzrBpD8ChYB1M7B6YOm0M5U9kEA0k1sB6CD4Ow==}
    cpu: [x64]
    os: [linux]
    libc: [musl]

  '@yuku-parser/binding-win32-arm64@0.8.5':
    resolution: {integrity: sha512-UIlSKhOLWZUQyDVQzYWAkHQGWnwNw5IxR/YYT2UCy64HLMQGGIxhb3qa/7Rf6yki50FrLx1O9PWgBKXCq7Zxxg==}
    cpu: [arm64]
    os: [win32]

  '@yuku-parser/binding-win32-x64@0.8.5':
    resolution: {integrity: sha512-helhS0Pt0TwsW9Z5L3V5o27qrnTrmaUTgSpymVUJYlZJgW6Nagk7nS5P3Ez4b1OZXMwc5y5CR6m1niuzL/yYfQ==}
    cpu: [x64]
    os: [win32]

  '@yuku-toolchain/types@0.8.5':
    resolution: {integrity: sha512-ELNzrhwfi9+VCTaj6QcLCb5MlUK6pmVqPqH8bBmer1FTHvgEITnpwB73L/Wx5KKPPVWAokfeeU9V2rJy/9kMlg==}

  c12@4.0.0-beta.5:
    resolution: {integrity: sha512-yWGCPCQGJeFq4R0mFg5HOhC3Rg+B0PCdM+ldXWUhughoGgeeq8/tjRmXh4/lmhKWyhf+KOFxB/JMXf0Yv1Fd5A==}
    peerDependencies:
      chokidar: ^5
      dotenv: '*'
      giget: '*'
      jiti: '*'
      magicast: '*'
    peerDependenciesMeta:
      chokidar:
        optional: true
      dotenv:
        optional: true
      giget:
        optional: true
      jiti:
        optional: true
      magicast:
        optional: true

  confbox@0.2.4:
    resolution: {integrity: sha512-ysOGlgTFbN2/Y6Cg3Iye8YKulHw+R2fNXHrgSmXISQdMnomY6eNDprVdW9R5xBguEqI954+S6709UyiO7B+6OQ==}

  consola@3.4.2:
    resolution: {integrity: sha512-5IKcdX0nnYavi6G7TtOhwkYzyjfJlatbjMjuLSfE2kYT5pMDOilZ4OvMhi637CcDICTmz3wARPoyhqyX1Y+XvA==}
    engines: {node: ^14.18.0 || >=16.10.0}

  defu@6.1.7:
    resolution: {integrity: sha512-7z22QmUWiQ/2d0KkdYmANbRUVABpZ9SNYyH5vx6PZ+nE5bcC0l7uFvEfHlyld/HcGBFTL536ClDt3DEcSlEJAQ==}

  destr@2.0.5:
    resolution: {integrity: sha512-ugFTXCtDZunbzasqBxrK93Ik/DRYsO6S/fedkWEMKqt04xZ4csmnmwGDBAb07QWNaGMAmnTIemsYZCksjATwsA==}

  dts-resolver@3.0.0:
    resolution: {integrity: sha512-1T1f+z+4tl9XD+m+0HBgWoL/nm0bOIffyWaUuUSBlFg/86IWvfx+wjNaO/ybU0AJzG9/Mi5hBUgGV6zCmWEN7Q==}
    engines: {node: ^22.18.0 || >=24.0.0}
    peerDependencies:
      oxc-resolver: '>=11.0.0'
    peerDependenciesMeta:
      oxc-resolver:
        optional: true

  exsolve@1.1.1:
    resolution: {integrity: sha512-9U/jZUgjnSGyntRr6y5Muu1MJcwFl6kPu7k8qLF0IMNfLqvw0NZ4nnVDq0RVoZ0RvCyumib4Ez3KYrVfilrw+g==}

  fdir@6.5.0:
    resolution: {integrity: sha512-tIbYtZbucOs0BRGqPJkshJUYdL+SDH7dVM8gjy+ERp3WAUjLEFJE+02kanyHtwjWOnwrKYBiwAmM0p4kLJAnXg==}
    engines: {node: '>=12.0.0'}
    peerDependencies:
      picomatch: ^3 || ^4
    peerDependenciesMeta:
      picomatch:
        optional: true

  get-tsconfig@5.0.0-beta.5:
    resolution: {integrity: sha512-/6gFNr0N04nob252sTQxyFLi3eKFRqIg1I87YcqAMT1i6SQrSF6KujUEQrtrjMV0H/eejTCltLdDSTEMzHbnsQ==}
    engines: {node: '>=20.20.0'}

  magic-string@0.30.21:
    resolution: {integrity: sha512-vd2F4YUyEXKGcLHoq+TEyCjxueSeHnFxyyjNp80yg0XV4vUhnDer/lvvlqM/arB5bXQN5K2/3oinyCRyx8T2CQ==}

  obug@2.1.4:
    resolution: {integrity: sha512-4a+OsYv9UktOJKE+l1A4OufDgdRF9PifWj+tJnHURo/P+WOxpG4GzUFL9qCalmWauao6ogiG+QvnCovwPoyAWA==}
    engines: {node: '>=12.20.0'}

  obuild@0.4.38:
    resolution: {integrity: sha512-82uy8eU+qmdtWkKlJb/jE47caBGMAGO3CrZVwGmc0Mn63hwc5Z4Fb82nBY7lwPzc44Dmv2eMBVuvnESdqHFT6Q==}
    hasBin: true

  oxlint-tsgolint@0.23.0:
    resolution: {integrity: sha512-3mBv3CoPbh8dFbzfDGIWa2ytZjn2v+3EX4aKRXjIhsoGFzG8GCjfRirz3rwZf1wYbZzsNLTSgpw8VjQuWdp/jA==}
    hasBin: true

  oxlint@1.78.0:
    resolution: {integrity: sha512-QgQePuxIqKOzo1KSjG2EnITEeWvWnKAm77eq8nrMtf6AGoA+zyGc4PFYtDNJSD25g/ibOwfQ851hZ4/SPkMVoA==}
    engines: {node: ^20.19.0 || >=22.12.0}
    hasBin: true
    peerDependencies:
      oxlint-tsgolint: '>=7.0.2001'
      vite-plus: '*'
    peerDependenciesMeta:
      oxlint-tsgolint:
        optional: true
      vite-plus:
        optional: true

  pathe@2.0.3:
    resolution: {integrity: sha512-WUjGcAqP1gQacoQe+OBJsFA7Ld4DyXuUIjZ5cc75cLHvJ7dtNsTugphxIADwspS+AraAUePCKrSVtPLFj/F88w==}

  picomatch@4.0.5:
    resolution: {integrity: sha512-RvwwcruNjI1ncT5xRakeyS9Lf8lcItv34KD+aif+VH9kduAyfYBipGh12274xtenIPZ119/R9BdTBa8gAwSh0A==}
    engines: {node: '>=12'}

  pkg-types@2.3.1:
    resolution: {integrity: sha512-y+ichcgc2LrADuhLNAx8DFjVfgz91pRxfZdI3UDhxHvcVEZsenLO+7XaU5vOp0u/7V/wZ+plyuQxtrDlZJ+yeg==}

  prettier@3.9.6:
    resolution: {integrity: sha512-OpN0zzVdiaiAhxpuuj5efpIS4sY9j7bY6uR5mnj5yPzGkdkjNKSJeUThPb60Jw29QuAZgA4o+/iB49kFiaBX6g==}
    engines: {node: '>=14'}
    hasBin: true

  rc9@3.0.1:
    resolution: {integrity: sha512-gMDyleLWVE+i6Sgtc0QbbY6pEKqYs97NGi6isHQPqYlLemPoO8dxQ3uGi0f4NiP98c+jMW6cG1Kx9dDwfvqARQ==}

  resolve-pkg-maps@1.0.0:
    resolution: {integrity: sha512-seS2Tj26TBVOC2NIc2rOe2y2ZO7efxITtLZcGSOnHHNOQ7CkiUBfw0Iw2ck6xkIhPwLhKNLS8BO+hEpngQlqzw==}

  rolldown-plugin-dts@0.27.14:
    resolution: {integrity: sha512-ZvuDDwoIpRK9RPxDXratCpklFO9QZZWndf/sd0VBFb4LEj0jj07UcHK9OCh7V4XiFz2Z89ziyBC2K6tJiDjrbw==}
    engines: {node: ^22.18.0 || >=24.11.0}
    peerDependencies:
      '@typescript/native-preview': '*'
      '@volar/typescript': ~2.4.0
      rolldown: ^1.0.0
      typescript: ^5.0.0 || ^6.0.0 || ~7.0.0
      vue-tsc: ~3.2.0 || ~3.3.0
    peerDependenciesMeta:
      '@typescript/native-preview':
        optional: true
      '@volar/typescript':
        optional: true
      typescript:
        optional: true
      vue-tsc:
        optional: true

  rolldown@1.2.4:
    resolution: {integrity: sha512-rSr7irW0K7QRWzjdJXqZowkcRdDtjRduh43rBltnVKd0VFq839l1lJoDvGJb6gl7+4rTTCrPWu+YfujUL8Ug7w==}
    engines: {node: ^20.19.0 || >=22.12.0}
    hasBin: true

  tinyglobby@0.2.17:
    resolution: {integrity: sha512-wXR/dYpcqKmfWpEdZjiKJOwCNFndD0DMnrW/cYjVGttEkBfVgcLFHoNrlj47mjOVic9yyNu65alsgF4NQyTa2g==}
    engines: {node: '>=12.0.0'}

  typescript@6.0.3:
    resolution: {integrity: sha512-y2TvuxSZPDyQakkFRPZHKFm+KKVqIisdg9/CZwm9ftvKXLP8NRWj38/ODjNbr43SsoXqNuAisEf1GdCxqWcdBw==}
    engines: {node: '>=14.17'}
    hasBin: true

  undici-types@8.3.0:
    resolution: {integrity: sha512-j375ScV60dom+YkPFIfTLcOiPxkN/buHz5GobjLhixFuANaNs3C9l4GmrWqejgXWJ7BbJcFYpTEUkS1Ge8bpZQ==}

  yuku-ast@0.8.5:
    resolution: {integrity: sha512-Ez2CI2BnPK/if0tVI7jB9UUDSNibcChjJDEPEKuWPJNRkbvzSoAQrSqpKtdzl8qTPp4ftVb87f/jx5HIKOieQw==}

  yuku-codegen@0.8.5:
    resolution: {integrity: sha512-+vhgTZyRxyl8eqjvt/6SfTpMW6Jn4+WYd1v7uJqfFFZja21HRsF3s9o3yhexdO3u5EnOm164b3gPv2llQQf6HA==}

  yuku-parser@0.8.5:
    resolution: {integrity: sha512-t843J9IdYYpcDaW7o3aDPXpTM72FsvkIDYEHtigyGFCvC3EhiIaSGM5WVNZl3lxTv1Dfis6IW3S/yBsBIaCiWw==}

snapshots:

  '@altipla/oxlint-config@0.1.6': {}

  '@buf/altipla_feature-flags.bufbuild_es@2.13.0-20260803093603-e948497a0a08.1(@bufbuild/protobuf@2.13.0)':
    dependencies:
      '@buf/protocolbuffers_wellknowntypes.bufbuild_es': 2.13.0-20260520214001-122a3d2fdc81.1(@bufbuild/protobuf@2.13.0)
      '@bufbuild/protobuf': 2.13.0

  '@buf/protocolbuffers_wellknowntypes.bufbuild_es@2.13.0-20260520214001-122a3d2fdc81.1(@bufbuild/protobuf@2.13.0)':
    dependencies:
      '@bufbuild/protobuf': 2.13.0

  '@bufbuild/protobuf@2.13.0': {}

  '@connectrpc/connect-node@2.1.2(@bufbuild/protobuf@2.13.0)(@connectrpc/connect@2.1.2(@bufbuild/protobuf@2.13.0))':
    dependencies:
      '@bufbuild/protobuf': 2.13.0
      '@connectrpc/connect': 2.1.2(@bufbuild/protobuf@2.13.0)

  '@connectrpc/connect@2.1.2(@bufbuild/protobuf@2.13.0)':
    dependencies:
      '@bufbuild/protobuf': 2.13.0

  '@jridgewell/sourcemap-codec@1.5.5': {}

  '@oxc-project/types@0.144.0': {}

  '@oxlint-tsgolint/darwin-arm64@0.23.0':
    optional: true

  '@oxlint-tsgolint/darwin-x64@0.23.0':
    optional: true

  '@oxlint-tsgolint/linux-arm64@0.23.0':
    optional: true

  '@oxlint-tsgolint/linux-x64@0.23.0':
    optional: true

  '@oxlint-tsgolint/win32-arm64@0.23.0':
    optional: true

  '@oxlint-tsgolint/win32-x64@0.23.0':
    optional: true

  '@oxlint/binding-android-arm-eabi@1.78.0':
    optional: true

  '@oxlint/binding-android-arm64@1.78.0':
    optional: true

  '@oxlint/binding-darwin-arm64@1.78.0':
    optional: true

  '@oxlint/binding-darwin-x64@1.78.0':
    optional: true

  '@oxlint/binding-freebsd-x64@1.78.0':
    optional: true

  '@oxlint/binding-linux-arm-gnueabihf@1.78.0':
    optional: true

  '@oxlint/binding-linux-arm-musleabihf@1.78.0':
    optional: true

  '@oxlint/binding-linux-arm64-gnu@1.78.0':
    optional: true

  '@oxlint/binding-linux-arm64-musl@1.78.0':
    optional: true

  '@oxlint/binding-linux-ppc64-gnu@1.78.0':
    optional: true

  '@oxlint/binding-linux-riscv64-gnu@1.78.0':
    optional: true

  '@oxlint/binding-linux-riscv64-musl@1.78.0':
    optional: true

  '@oxlint/binding-linux-s390x-gnu@1.78.0':
    optional: true

  '@oxlint/binding-linux-x64-gnu@1.78.0':
    optional: true

  '@oxlint/binding-linux-x64-musl@1.78.0':
    optional: true

  '@oxlint/binding-openharmony-arm64@1.78.0':
    optional: true

  '@oxlint/binding-win32-arm64-msvc@1.78.0':
    optional: true

  '@oxlint/binding-win32-ia32-msvc@1.78.0':
    optional: true

  '@oxlint/binding-win32-x64-msvc@1.78.0':
    optional: true

  '@rolldown/binding-android-arm64@1.2.4':
    optional: true

  '@rolldown/binding-darwin-arm64@1.2.4':
    optional: true

  '@rolldown/binding-darwin-x64@1.2.4':
    optional: true

  '@rolldown/binding-freebsd-x64@1.2.4':
    optional: true

  '@rolldown/binding-linux-arm-gnueabihf@1.2.4':
    optional: true

  '@rolldown/binding-linux-arm64-gnu@1.2.4':
    optional: true

  '@rolldown/binding-linux-arm64-musl@1.2.4':
    optional: true

  '@rolldown/binding-linux-ppc64-gnu@1.2.4':
    optional: true

  '@rolldown/binding-linux-s390x-gnu@1.2.4':
    optional: true

  '@rolldown/binding-linux-x64-gnu@1.2.4':
    optional: true

  '@rolldown/binding-linux-x64-musl@1.2.4':
    optional: true

  '@rolldown/binding-openharmony-arm64@1.2.4':
    optional: true

  '@rolldown/binding-win32-arm64-msvc@1.2.4':
    optional: true

  '@rolldown/binding-win32-x64-msvc@1.2.4':
    optional: true

  '@rolldown/pluginutils@1.0.1': {}

  '@types/node@26.2.0':
    dependencies:
      undici-types: 8.3.0

  '@vue/tsconfig@0.9.1(typescript@6.0.3)':
    optionalDependencies:
      typescript: 6.0.3

  '@yuku-codegen/binding-android-arm64@0.8.5':
    optional: true

  '@yuku-codegen/binding-darwin-arm64@0.8.5':
    optional: true

  '@yuku-codegen/binding-darwin-x64@0.8.5':
    optional: true

  '@yuku-codegen/binding-freebsd-x64@0.8.5':
    optional: true

  '@yuku-codegen/binding-linux-arm-gnu@0.8.5':
    optional: true

  '@yuku-codegen/binding-linux-arm-musl@0.8.5':
    optional: true

  '@yuku-codegen/binding-linux-arm64-gnu@0.8.5':
    optional: true

  '@yuku-codegen/binding-linux-arm64-musl@0.8.5':
    optional: true

  '@yuku-codegen/binding-linux-x64-gnu@0.8.5':
    optional: true

  '@yuku-codegen/binding-linux-x64-musl@0.8.5':
    optional: true

  '@yuku-codegen/binding-win32-arm64@0.8.5':
    optional: true

  '@yuku-codegen/binding-win32-x64@0.8.5':
    optional: true

  '@yuku-parser/binding-android-arm64@0.8.5':
    optional: true

  '@yuku-parser/binding-darwin-arm64@0.8.5':
    optional: true

  '@yuku-parser/binding-darwin-x64@0.8.5':
    optional: true

  '@yuku-parser/binding-freebsd-x64@0.8.5':
    optional: true

  '@yuku-parser/binding-linux-arm-gnu@0.8.5':
    optional: true

  '@yuku-parser/binding-linux-arm-musl@0.8.5':
    optional: true

  '@yuku-parser/binding-linux-arm64-gnu@0.8.5':
    optional: true

  '@yuku-parser/binding-linux-arm64-musl@0.8.5':
    optional: true

  '@yuku-parser/binding-linux-x64-gnu@0.8.5':
    optional: true

  '@yuku-parser/binding-linux-x64-musl@0.8.5':
    optional: true

  '@yuku-parser/binding-win32-arm64@0.8.5':
    optional: true

  '@yuku-parser/binding-win32-x64@0.8.5':
    optional: true

  '@yuku-toolchain/types@0.8.5': {}

  c12@4.0.0-beta.5:
    dependencies:
      confbox: 0.2.4
      defu: 6.1.7
      exsolve: 1.1.1
      pathe: 2.0.3
      pkg-types: 2.3.1
      rc9: 3.0.1

  confbox@0.2.4: {}

  consola@3.4.2: {}

  defu@6.1.7: {}

  destr@2.0.5: {}

  dts-resolver@3.0.0: {}

  exsolve@1.1.1: {}

  fdir@6.5.0(picomatch@4.0.5):
    optionalDependencies:
      picomatch: 4.0.5

  get-tsconfig@5.0.0-beta.5:
    dependencies:
      resolve-pkg-maps: 1.0.0

  magic-string@0.30.21:
    dependencies:
      '@jridgewell/sourcemap-codec': 1.5.5

  obug@2.1.4: {}

  obuild@0.4.38(typescript@6.0.3):
    dependencies:
      c12: 4.0.0-beta.5
      consola: 3.4.2
      defu: 6.1.7
      exsolve: 1.1.1
      magic-string: 0.30.21
      pathe: 2.0.3
      rolldown: 1.2.4
      rolldown-plugin-dts: 0.27.14(rolldown@1.2.4)(typescript@6.0.3)
      tinyglobby: 0.2.17
    transitivePeerDependencies:
      - '@typescript/native-preview'
      - '@volar/typescript'
      - chokidar
      - dotenv
      - giget
      - jiti
      - magicast
      - oxc-resolver
      - typescript
      - vue-tsc

  oxlint-tsgolint@0.23.0:
    optionalDependencies:
      '@oxlint-tsgolint/darwin-arm64': 0.23.0
      '@oxlint-tsgolint/darwin-x64': 0.23.0
      '@oxlint-tsgolint/linux-arm64': 0.23.0
      '@oxlint-tsgolint/linux-x64': 0.23.0
      '@oxlint-tsgolint/win32-arm64': 0.23.0
      '@oxlint-tsgolint/win32-x64': 0.23.0

  oxlint@1.78.0(oxlint-tsgolint@0.23.0):
    optionalDependencies:
      '@oxlint/binding-android-arm-eabi': 1.78.0
      '@oxlint/binding-android-arm64': 1.78.0
      '@oxlint/binding-darwin-arm64': 1.78.0
      '@oxlint/binding-darwin-x64': 1.78.0
      '@oxlint/binding-freebsd-x64': 1.78.0
      '@oxlint/binding-linux-arm-gnueabihf': 1.78.0
      '@oxlint/binding-linux-arm-musleabihf': 1.78.0
      '@oxlint/binding-linux-arm64-gnu': 1.78.0
      '@oxlint/binding-linux-arm64-musl': 1.78.0
      '@oxlint/binding-linux-ppc64-gnu': 1.78.0
      '@oxlint/binding-linux-riscv64-gnu': 1.78.0
      '@oxlint/binding-linux-riscv64-musl': 1.78.0
      '@oxlint/binding-linux-s390x-gnu': 1.78.0
      '@oxlint/binding-linux-x64-gnu': 1.78.0
      '@oxlint/binding-linux-x64-musl': 1.78.0
      '@oxlint/binding-openharmony-arm64': 1.78.0
      '@oxlint/binding-win32-arm64-msvc': 1.78.0
      '@oxlint/binding-win32-ia32-msvc': 1.78.0
      '@oxlint/binding-win32-x64-msvc': 1.78.0
      oxlint-tsgolint: 0.23.0

  pathe@2.0.3: {}

  picomatch@4.0.5: {}

  pkg-types@2.3.1:
    dependencies:
      confbox: 0.2.4
      exsolve: 1.1.1
      pathe: 2.0.3

  prettier@3.9.6: {}

  rc9@3.0.1:
    dependencies:
      defu: 6.1.7
      destr: 2.0.5

  resolve-pkg-maps@1.0.0: {}

  rolldown-plugin-dts@0.27.14(rolldown@1.2.4)(typescript@6.0.3):
    dependencies:
      dts-resolver: 3.0.0
      get-tsconfig: 5.0.0-beta.5
      obug: 2.1.4
      rolldown: 1.2.4
      yuku-ast: 0.8.5
      yuku-codegen: 0.8.5
      yuku-parser: 0.8.5
    optionalDependencies:
      typescript: 6.0.3
    transitivePeerDependencies:
      - oxc-resolver

  rolldown@1.2.4:
    dependencies:
      '@oxc-project/types': 0.144.0
      '@rolldown/pluginutils': 1.0.1
    optionalDependencies:
      '@rolldown/binding-android-arm64': 1.2.4
      '@rolldown/binding-darwin-arm64': 1.2.4
      '@rolldown/binding-darwin-x64': 1.2.4
      '@rolldown/binding-freebsd-x64': 1.2.4
      '@rolldown/binding-linux-arm-gnueabihf': 1.2.4
      '@rolldown/binding-linux-arm64-gnu': 1.2.4
      '@rolldown/binding-linux-arm64-musl': 1.2.4
      '@rolldown/binding-linux-ppc64-gnu': 1.2.4
      '@rolldown/binding-linux-s390x-gnu': 1.2.4
      '@rolldown/binding-linux-x64-gnu': 1.2.4
      '@rolldown/binding-linux-x64-musl': 1.2.4
      '@rolldown/binding-openharmony-arm64': 1.2.4
      '@rolldown/binding-win32-arm64-msvc': 1.2.4
      '@rolldown/binding-win32-x64-msvc': 1.2.4

  tinyglobby@0.2.17:
    dependencies:
      fdir: 6.5.0(picomatch@4.0.5)
      picomatch: 4.0.5

  typescript@6.0.3: {}

  undici-types@8.3.0: {}

  yuku-ast@0.8.5:
    dependencies:
      '@yuku-toolchain/types': 0.8.5

  yuku-codegen@0.8.5:
    dependencies:
      '@yuku-toolchain/types': 0.8.5
    optionalDependencies:
      '@yuku-codegen/binding-android-arm64': 0.8.5
      '@yuku-codegen/binding-darwin-arm64': 0.8.5
      '@yuku-codegen/binding-darwin-x64': 0.8.5
      '@yuku-codegen/binding-freebsd-x64': 0.8.5
      '@yuku-codegen/binding-linux-arm-gnu': 0.8.5
      '@yuku-codegen/binding-linux-arm-musl': 0.8.5
      '@yuku-codegen/binding-linux-arm64-gnu': 0.8.5
      '@yuku-codegen/binding-linux-arm64-musl': 0.8.5
      '@yuku-codegen/binding-linux-x64-gnu': 0.8.5
      '@yuku-codegen/binding-linux-x64-musl': 0.8.5
      '@yuku-codegen/binding-win32-arm64': 0.8.5
      '@yuku-codegen/binding-win32-x64': 0.8.5

  yuku-parser@0.8.5:
    dependencies:
      '@yuku-toolchain/types': 0.8.5
      yuku-ast: 0.8.5
    optionalDependencies:
      '@yuku-parser/binding-android-arm64': 0.8.5
      '@yuku-parser/binding-darwin-arm64': 0.8.5
      '@yuku-parser/binding-darwin-x64': 0.8.5
      '@yuku-parser/binding-freebsd-x64': 0.8.5
      '@yuku-parser/binding-linux-arm-gnu': 0.8.5
      '@yuku-parser/binding-linux-arm-musl': 0.8.5
      '@yuku-parser/binding-linux-arm64-gnu': 0.8.5
      '@yuku-parser/binding-linux-arm64-musl': 0.8.5
      '@yuku-parser/binding-linux-x64-gnu': 0.8.5
      '@yuku-parser/binding-linux-x64-musl': 0.8.5
      '@yuku-parser/binding-win32-arm64': 0.8.5
      '@yuku-parser/binding-win32-x64': 0.8.5
